
Microsoft Visual Studio Solution File, Format Version 12.00
# Visual Studio Version 16
VisualStudioVersion = 16.0.31727.386
MinimumVisualStudioVersion = 10.0.40219.1
Project("{9A19103F-16F7-4668-BE54-9A1E7A4F7556}") = "ServerForAndroidProject", "ServerForAndroidProject\ServerForAndroidProject.csproj", "{950D22A3-6808-490A-96E5-865991E37BE6}"
EndProject
Global
	GlobalSection(SolutionConfigurationPlatforms) = preSolution
		Debug|Any CPU = Debug|Any CPU
		Release|Any CPU = Release|Any CPU
	EndGlobalSection
	GlobalSection(ProjectConfigurationPlatforms) = postSolution
		{950D22A3-6808-490A-96E5-865991E37BE6}.Debug|Any CPU.ActiveCfg = Debug|Any CPU
		{950D22A3-6808-490A-96E5-865991E37BE6}.Debug|Any CPU.Build.0 = Debug|Any CPU
		{950D22A3-6808-490A-96E5-865991E37BE6}.Release|Any CPU.ActiveCfg = Release|Any CPU
		{950D22A3-6808-490A-96E5-865991E37BE6}.Release|Any CPU.Build.0 = Release|Any CPU
	EndGlobalSection
	GlobalSection(SolutionProperties) = preSolution
		HideSolutionNode = FALSE
	EndGlobalSection
	GlobalSection(ExtensibilityGlobals) = postSolution
		SolutionGuid = {995FC4DA-AC8B-4D39-A092-2C76C3B17B1A}
	EndGlobalSection
EndGlobal
